
Microsoft Visual Studio Solution File, Format Version 12.00
Project("{FAE04EC0-301F-11D3-BF4B-00C04F79EFBC}") = "PeopleForce", "PeopleForce\PeopleForce.csproj", "{A77CD95D-55FC-4188-AE7F-39FBC2F09D97}"
EndProject
Project("{FAE04EC0-301F-11D3-BF4B-00C04F79EFBC}") = "PlanA.Web.Core", "PlanA.Web.Core\PlanA.Web.Core.csproj", "{F10CDFE0-A6B1-4992-B8BD-E8B508995E3E}"
EndProject
Global
	GlobalSection(SolutionConfigurationPlatforms) = preSolution
		Debug|Any CPU = Debug|Any CPU
		Release|Any CPU = Release|Any CPU
	EndGlobalSection
	GlobalSection(ProjectConfigurationPlatforms) = postSolution
		{A77CD95D-55FC-4188-AE7F-39FBC2F09D97}.Debug|Any CPU.ActiveCfg = Debug|Any CPU
		{A77CD95D-55FC-4188-AE7F-39FBC2F09D97}.Debug|Any CPU.Build.0 = Debug|Any CPU
		{A77CD95D-55FC-4188-AE7F-39FBC2F09D97}.Release|Any CPU.ActiveCfg = Release|Any CPU
		{A77CD95D-55FC-4188-AE7F-39FBC2F09D97}.Release|Any CPU.Build.0 = Release|Any CPU
		{F10CDFE0-A6B1-4992-B8BD-E8B508995E3E}.Debug|Any CPU.ActiveCfg = Debug|Any CPU
		{F10CDFE0-A6B1-4992-B8BD-E8B508995E3E}.Debug|Any CPU.Build.0 = Debug|Any CPU
		{F10CDFE0-A6B1-4992-B8BD-E8B508995E3E}.Release|Any CPU.ActiveCfg = Release|Any CPU
		{F10CDFE0-A6B1-4992-B8BD-E8B508995E3E}.Release|Any CPU.Build.0 = Release|Any CPU
	EndGlobalSection
EndGlobal
